
Microsoft Visual Studio Solution File, Format Version 12.00
# Visual Studio Version 17
VisualStudioVersion = 17.10.35027.167
MinimumVisualStudioVersion = 10.0.40219.1
Project("{8BC9CEB8-8B4A-11D0-8D11-00A0C91BC942}") = "lesson10t", "lesson10t\lesson10t.vcxproj", "{02D82168-C4EE-4638-85EA-3005CD67D559}"
EndProject
Global
	GlobalSection(SolutionConfigurationPlatforms) = preSolution
		Debug|x64 = Debug|x64
		Debug|x86 = Debug|x86
		Release|x64 = Release|x64
		Release|x86 = Release|x86
	EndGlobalSection
	GlobalSection(ProjectConfigurationPlatforms) = postSolution
		{02D82168-C4EE-4638-85EA-3005CD67D559}.Debug|x64.ActiveCfg = Debug|x64
		{02D82168-C4EE-4638-85EA-3005CD67D559}.Debug|x64.Build.0 = Debug|x64
		{02D82168-C4EE-4638-85EA-3005CD67D559}.Debug|x86.ActiveCfg = Debug|Win32
		{02D82168-C4EE-4638-85EA-3005CD67D559}.Debug|x86.Build.0 = Debug|Win32
		{02D82168-C4EE-4638-85EA-3005CD67D559}.Release|x64.ActiveCfg = Release|x64
		{02D82168-C4EE-4638-85EA-3005CD67D559}.Release|x64.Build.0 = Release|x64
		{02D82168-C4EE-4638-85EA-3005CD67D559}.Release|x86.ActiveCfg = Release|Win32
		{02D82168-C4EE-4638-85EA-3005CD67D559}.Release|x86.Build.0 = Release|Win32
	EndGlobalSection
	GlobalSection(SolutionProperties) = preSolution
		HideSolutionNode = FALSE
	EndGlobalSection
	GlobalSection(ExtensibilityGlobals) = postSolution
		SolutionGuid = {7E05B8B9-81BC-4B3C-BD52-84163AEAAFD4}
	EndGlobalSection
EndGlobal
